
Microsoft Visual Studio Solution File, Format Version 12.00
Project("{2150E333-8FDC-42A3-9474-1A3956D46DE8}") = "Shared", "Shared", "{3A06BE35-B084-42A5-87E1-EFB4EEEACEA4}"
EndProject
Project("{2150E333-8FDC-42A3-9474-1A3956D46DE8}") = "Command", "Command", "{5F00F0B5-F752-4284-9F22-E7FF6488392C}"
EndProject
Project("{2150E333-8FDC-42A3-9474-1A3956D46DE8}") = "Query", "Query", "{DA1E3C00-CF01-4020-8D3B-4247394FA012}"
EndProject
Project("{FAE04EC0-301F-11D3-BF4B-00C04F79EFBC}") = "EventSourcing.Shared", "Shared\EventSourcing.Shared\EventSourcing.Shared.csproj", "{997DA4F1-FB8C-4921-94A6-5B22090587A5}"
EndProject
Project("{2150E333-8FDC-42A3-9474-1A3956D46DE8}") = "Core", "Core", "{1B2B0E6D-4F71-49C5-ACED-0373602DAA69}"
EndProject
Project("{2150E333-8FDC-42A3-9474-1A3956D46DE8}") = "Infrastructure", "Infrastructure", "{E3540F28-2D74-4100-AF67-A6658E72A6A1}"
EndProject
Project("{FAE04EC0-301F-11D3-BF4B-00C04F79EFBC}") = "Command.Domain", "Command\Core\Command.Domain\Command.Domain.csproj", "{CFC946BB-8DB2-471A-BED1-FA6E73633A33}"
EndProject
Project("{FAE04EC0-301F-11D3-BF4B-00C04F79EFBC}") = "Command.Application", "Command\Core\Command.Application\Command.Application.csproj", "{F2391649-6E48-4D3F-A4F0-C6D4B6D47684}"
EndProject
Project("{FAE04EC0-301F-11D3-BF4B-00C04F79EFBC}") = "Command.Infrastructure", "Command\Infrastructure\Command.Infrastructure\Command.Infrastructure.csproj", "{D52FFCF7-81B8-4A60-8026-86E0C0197F6C}"
EndProject
Project("{FAE04EC0-301F-11D3-BF4B-00C04F79EFBC}") = "Command.Persistence", "Command\Infrastructure\Command.Persistence\Command.Persistence.csproj", "{11AFCEFC-E5C7-4AE7-8B94-7E05F4508F00}"
EndProject
Project("{FAE04EC0-301F-11D3-BF4B-00C04F79EFBC}") = "Command.API", "Command\Command.API\Command.API.csproj", "{743D20CD-9B34-460F-A81F-54083EEE837B}"
EndProject
Project("{FAE04EC0-301F-11D3-BF4B-00C04F79EFBC}") = "Command.UnitTests", "Command\Command.UnitTests\Command.UnitTests.csproj", "{8C667AF1-C345-4AC1-A664-EC43F38FAF07}"
EndProject
Project("{2150E333-8FDC-42A3-9474-1A3956D46DE8}") = "Core", "Core", "{386074DF-D2F1-46EF-B2CE-E9EB3161F042}"
EndProject
Project("{2150E333-8FDC-42A3-9474-1A3956D46DE8}") = "Infrastructure", "Infrastructure", "{9744F4B5-A67E-466E-B616-E6321CAB35E4}"
EndProject
Project("{FAE04EC0-301F-11D3-BF4B-00C04F79EFBC}") = "Query.Domain", "Query\Core\Query.Domain\Query.Domain.csproj", "{69CC5BFC-723B-41C0-83A5-A63EFE73C484}"
EndProject
Project("{FAE04EC0-301F-11D3-BF4B-00C04F79EFBC}") = "Query.Application", "Query\Core\Query.Application\Query.Application.csproj", "{F210308A-8B57-41E7-A9F6-6B904507711E}"
EndProject
Project("{FAE04EC0-301F-11D3-BF4B-00C04F79EFBC}") = "Query.Infrastructure", "Query\Infrastructure\Query.Infrastructure\Query.Infrastructure.csproj", "{366C067F-D1EF-4261-9BA4-9D6F45A84C05}"
EndProject
Project("{FAE04EC0-301F-11D3-BF4B-00C04F79EFBC}") = "Query.Persistence", "Query\Infrastructure\Query.Persistence\Query.Persistence.csproj", "{CBEF869C-6FB0-4EF7-86D5-E930E1EBFE09}"
EndProject
Project("{FAE04EC0-301F-11D3-BF4B-00C04F79EFBC}") = "Query.API", "Query\Query.API\Query.API.csproj", "{E7747347-F6F8-48D7-8AD0-396DF23ED568}"
EndProject
Project("{FAE04EC0-301F-11D3-BF4B-00C04F79EFBC}") = "Query.UnitTests", "Query\Query.UnitTests\Query.UnitTests.csproj", "{056059C9-8CF9-445E-A11D-EE73271F9ADF}"
EndProject
Global
	GlobalSection(SolutionConfigurationPlatforms) = preSolution
		Debug|Any CPU = Debug|Any CPU
		Release|Any CPU = Release|Any CPU
	EndGlobalSection
	GlobalSection(NestedProjects) = preSolution
		{997DA4F1-FB8C-4921-94A6-5B22090587A5} = {3A06BE35-B084-42A5-87E1-EFB4EEEACEA4}
		{1B2B0E6D-4F71-49C5-ACED-0373602DAA69} = {5F00F0B5-F752-4284-9F22-E7FF6488392C}
		{E3540F28-2D74-4100-AF67-A6658E72A6A1} = {5F00F0B5-F752-4284-9F22-E7FF6488392C}
		{CFC946BB-8DB2-471A-BED1-FA6E73633A33} = {1B2B0E6D-4F71-49C5-ACED-0373602DAA69}
		{F2391649-6E48-4D3F-A4F0-C6D4B6D47684} = {1B2B0E6D-4F71-49C5-ACED-0373602DAA69}
		{D52FFCF7-81B8-4A60-8026-86E0C0197F6C} = {E3540F28-2D74-4100-AF67-A6658E72A6A1}
		{11AFCEFC-E5C7-4AE7-8B94-7E05F4508F00} = {E3540F28-2D74-4100-AF67-A6658E72A6A1}
		{743D20CD-9B34-460F-A81F-54083EEE837B} = {5F00F0B5-F752-4284-9F22-E7FF6488392C}
		{8C667AF1-C345-4AC1-A664-EC43F38FAF07} = {5F00F0B5-F752-4284-9F22-E7FF6488392C}
		{386074DF-D2F1-46EF-B2CE-E9EB3161F042} = {DA1E3C00-CF01-4020-8D3B-4247394FA012}
		{9744F4B5-A67E-466E-B616-E6321CAB35E4} = {DA1E3C00-CF01-4020-8D3B-4247394FA012}
		{69CC5BFC-723B-41C0-83A5-A63EFE73C484} = {386074DF-D2F1-46EF-B2CE-E9EB3161F042}
		{F210308A-8B57-41E7-A9F6-6B904507711E} = {386074DF-D2F1-46EF-B2CE-E9EB3161F042}
		{366C067F-D1EF-4261-9BA4-9D6F45A84C05} = {9744F4B5-A67E-466E-B616-E6321CAB35E4}
		{CBEF869C-6FB0-4EF7-86D5-E930E1EBFE09} = {9744F4B5-A67E-466E-B616-E6321CAB35E4}
		{E7747347-F6F8-48D7-8AD0-396DF23ED568} = {DA1E3C00-CF01-4020-8D3B-4247394FA012}
		{056059C9-8CF9-445E-A11D-EE73271F9ADF} = {DA1E3C00-CF01-4020-8D3B-4247394FA012}
	EndGlobalSection
	GlobalSection(ProjectConfigurationPlatforms) = postSolution
		{997DA4F1-FB8C-4921-94A6-5B22090587A5}.Debug|Any CPU.ActiveCfg = Debug|Any CPU
		{997DA4F1-FB8C-4921-94A6-5B22090587A5}.Debug|Any CPU.Build.0 = Debug|Any CPU
		{997DA4F1-FB8C-4921-94A6-5B22090587A5}.Release|Any CPU.ActiveCfg = Release|Any CPU
		{997DA4F1-FB8C-4921-94A6-5B22090587A5}.Release|Any CPU.Build.0 = Release|Any CPU
		{CFC946BB-8DB2-471A-BED1-FA6E73633A33}.Debug|Any CPU.ActiveCfg = Debug|Any CPU
		{CFC946BB-8DB2-471A-BED1-FA6E73633A33}.Debug|Any CPU.Build.0 = Debug|Any CPU
		{CFC946BB-8DB2-471A-BED1-FA6E73633A33}.Release|Any CPU.ActiveCfg = Release|Any CPU
		{CFC946BB-8DB2-471A-BED1-FA6E73633A33}.Release|Any CPU.Build.0 = Release|Any CPU
		{F2391649-6E48-4D3F-A4F0-C6D4B6D47684}.Debug|Any CPU.ActiveCfg = Debug|Any CPU
		{F2391649-6E48-4D3F-A4F0-C6D4B6D47684}.Debug|Any CPU.Build.0 = Debug|Any CPU
		{F2391649-6E48-4D3F-A4F0-C6D4B6D47684}.Release|Any CPU.ActiveCfg = Release|Any CPU
		{F2391649-6E48-4D3F-A4F0-C6D4B6D47684}.Release|Any CPU.Build.0 = Release|Any CPU
		{D52FFCF7-81B8-4A60-8026-86E0C0197F6C}.Debug|Any CPU.ActiveCfg = Debug|Any CPU
		{D52FFCF7-81B8-4A60-8026-86E0C0197F6C}.Debug|Any CPU.Build.0 = Debug|Any CPU
		{D52FFCF7-81B8-4A60-8026-86E0C0197F6C}.Release|Any CPU.ActiveCfg = Release|Any CPU
		{D52FFCF7-81B8-4A60-8026-86E0C0197F6C}.Release|Any CPU.Build.0 = Release|Any CPU
		{11AFCEFC-E5C7-4AE7-8B94-7E05F4508F00}.Debug|Any CPU.ActiveCfg = Debug|Any CPU
		{11AFCEFC-E5C7-4AE7-8B94-7E05F4508F00}.Debug|Any CPU.Build.0 = Debug|Any CPU
		{11AFCEFC-E5C7-4AE7-8B94-7E05F4508F00}.Release|Any CPU.ActiveCfg = Release|Any CPU
		{11AFCEFC-E5C7-4AE7-8B94-7E05F4508F00}.Release|Any CPU.Build.0 = Release|Any CPU
		{743D20CD-9B34-460F-A81F-54083EEE837B}.Debug|Any CPU.ActiveCfg = Debug|Any CPU
		{743D20CD-9B34-460F-A81F-54083EEE837B}.Debug|Any CPU.Build.0 = Debug|Any CPU
		{743D20CD-9B34-460F-A81F-54083EEE837B}.Release|Any CPU.ActiveCfg = Release|Any CPU
		{743D20CD-9B34-460F-A81F-54083EEE837B}.Release|Any CPU.Build.0 = Release|Any CPU
		{8C667AF1-C345-4AC1-A664-EC43F38FAF07}.Debug|Any CPU.ActiveCfg = Debug|Any CPU
		{8C667AF1-C345-4AC1-A664-EC43F38FAF07}.Debug|Any CPU.Build.0 = Debug|Any CPU
		{8C667AF1-C345-4AC1-A664-EC43F38FAF07}.Release|Any CPU.ActiveCfg = Release|Any CPU
		{8C667AF1-C345-4AC1-A664-EC43F38FAF07}.Release|Any CPU.Build.0 = Release|Any CPU
		{69CC5BFC-723B-41C0-83A5-A63EFE73C484}.Debug|Any CPU.ActiveCfg = Debug|Any CPU
		{69CC5BFC-723B-41C0-83A5-A63EFE73C484}.Debug|Any CPU.Build.0 = Debug|Any CPU
		{69CC5BFC-723B-41C0-83A5-A63EFE73C484}.Release|Any CPU.ActiveCfg = Release|Any CPU
		{69CC5BFC-723B-41C0-83A5-A63EFE73C484}.Release|Any CPU.Build.0 = Release|Any CPU
		{F210308A-8B57-41E7-A9F6-6B904507711E}.Debug|Any CPU.ActiveCfg = Debug|Any CPU
		{F210308A-8B57-41E7-A9F6-6B904507711E}.Debug|Any CPU.Build.0 = Debug|Any CPU
		{F210308A-8B57-41E7-A9F6-6B904507711E}.Release|Any CPU.ActiveCfg = Release|Any CPU
		{F210308A-8B57-41E7-A9F6-6B904507711E}.Release|Any CPU.Build.0 = Release|Any CPU
		{366C067F-D1EF-4261-9BA4-9D6F45A84C05}.Debug|Any CPU.ActiveCfg = Debug|Any CPU
		{366C067F-D1EF-4261-9BA4-9D6F45A84C05}.Debug|Any CPU.Build.0 = Debug|Any CPU
		{366C067F-D1EF-4261-9BA4-9D6F45A84C05}.Release|Any CPU.ActiveCfg = Release|Any CPU
		{366C067F-D1EF-4261-9BA4-9D6F45A84C05}.Release|Any CPU.Build.0 = Release|Any CPU
		{CBEF869C-6FB0-4EF7-86D5-E930E1EBFE09}.Debug|Any CPU.ActiveCfg = Debug|Any CPU
		{CBEF869C-6FB0-4EF7-86D5-E930E1EBFE09}.Debug|Any CPU.Build.0 = Debug|Any CPU
		{CBEF869C-6FB0-4EF7-86D5-E930E1EBFE09}.Release|Any CPU.ActiveCfg = Release|Any CPU
		{CBEF869C-6FB0-4EF7-86D5-E930E1EBFE09}.Release|Any CPU.Build.0 = Release|Any CPU
		{E7747347-F6F8-48D7-8AD0-396DF23ED568}.Debug|Any CPU.ActiveCfg = Debug|Any CPU
		{E7747347-F6F8-48D7-8AD0-396DF23ED568}.Debug|Any CPU.Build.0 = Debug|Any CPU
		{E7747347-F6F8-48D7-8AD0-396DF23ED568}.Release|Any CPU.ActiveCfg = Release|Any CPU
		{E7747347-F6F8-48D7-8AD0-396DF23ED568}.Release|Any CPU.Build.0 = Release|Any CPU
		{056059C9-8CF9-445E-A11D-EE73271F9ADF}.Debug|Any CPU.ActiveCfg = Debug|Any CPU
		{056059C9-8CF9-445E-A11D-EE73271F9ADF}.Debug|Any CPU.Build.0 = Debug|Any CPU
		{056059C9-8CF9-445E-A11D-EE73271F9ADF}.Release|Any CPU.ActiveCfg = Release|Any CPU
		{056059C9-8CF9-445E-A11D-EE73271F9ADF}.Release|Any CPU.Build.0 = Release|Any CPU
	EndGlobalSection
EndGlobal
